
Microsoft Visual Studio Solution File, Format Version 12.00
# Visual Studio Version 17
VisualStudioVersion = 17.0.32112.339
MinimumVisualStudioVersion = 10.0.40219.1
Project("{2150E333-8FDC-42A3-9474-1A3956D46DE8}") = "Domian", "Domian", "{38CC997A-234F-4A90-95D3-7EC5E5C0E262}"
EndProject
Project("{2150E333-8FDC-42A3-9474-1A3956D46DE8}") = "Utilities", "Utilities", "{B7715CD6-10AB-4E32-BD0B-51C25F43B05C}"
EndProject
Project("{9A19103F-16F7-4668-BE54-9A1E7A4F7556}") = "Haskap.DddBase.Utilities", "Haskap.DddBase.Utilities\Haskap.DddBase.Utilities.csproj", "{5A6B1CCC-4165-4180-807F-CDE58AF5B567}"
EndProject
Project("{9A19103F-16F7-4668-BE54-9A1E7A4F7556}") = "Haskap.DddBase.Domain", "Haskap.DddBase.Domain\Haskap.DddBase.Domain.csproj", "{EBA6035B-2D8B-48E6-95FB-4F5936E353B4}"
EndProject
Project("{2150E333-8FDC-42A3-9474-1A3956D46DE8}") = "Infrastructure", "Infrastructure", "{95644666-8E8C-483C-B8F5-0599C8859CDC}"
EndProject
Project("{9A19103F-16F7-4668-BE54-9A1E7A4F7556}") = "Haskap.DddBase.Infra.Db.Contexts.MsSqlDbContext", "Haskap.DddBase.Infra.Db.Contexts.MsSqlDbContext\Haskap.DddBase.Infra.Db.Contexts.MsSqlDbContext.csproj", "{D69408EC-9592-4409-B54E-4323A8E98CAC}"
EndProject
Project("{9A19103F-16F7-4668-BE54-9A1E7A4F7556}") = "Haskap.DddBase.Infra.Db.Contexts.NpgsqlDbContext", "Haskap.DddBase.Infra.Db.Contexts.NpgsqlDbContext\Haskap.DddBase.Infra.Db.Contexts.NpgsqlDbContext.csproj", "{893D63C7-DA30-4AC7-92BE-24573643320D}"
EndProject
Project("{9A19103F-16F7-4668-BE54-9A1E7A4F7556}") = "Haskap.DddBase.Infra.Db.Contexts.OracleDbContext", "Haskap.DddBase.Infra.Db.Contexts.OracleDbContext\Haskap.DddBase.Infra.Db.Contexts.OracleDbContext.csproj", "{63758F45-8CBC-4B3A-B5AB-24C84DA5C158}"
EndProject
Project("{2150E333-8FDC-42A3-9474-1A3956D46DE8}") = "Application", "Application", "{D5CEB0FB-7D4C-4066-85B0-B0FBE6854431}"
EndProject
Project("{9A19103F-16F7-4668-BE54-9A1E7A4F7556}") = "Haskap.DddBase.Application.UseCaseServices", "Haskap.DddBase.Application.UseCaseServices\Haskap.DddBase.Application.UseCaseServices.csproj", "{608E91C9-5FC5-42A4-A45B-1D0EF617E486}"
EndProject
Project("{9A19103F-16F7-4668-BE54-9A1E7A4F7556}") = "Haskap.DddBase.Application.Contracts", "Haskap.DddBase.Application.Contracts\Haskap.DddBase.Application.Contracts.csproj", "{05D90F0C-E40C-4455-A91B-3602615508EA}"
EndProject
Project("{9A19103F-16F7-4668-BE54-9A1E7A4F7556}") = "Haskap.DddBase.Infra", "Haskap.DddBase.Infra\Haskap.DddBase.Infra.csproj", "{7050E7EB-61B4-44C6-B60A-1C054354BCC7}"
EndProject
Project("{2150E333-8FDC-42A3-9474-1A3956D46DE8}") = "Presentation", "Presentation", "{96C4FA64-72D0-4EB7-8D03-DA97D2F4AA0C}"
EndProject
Project("{9A19103F-16F7-4668-BE54-9A1E7A4F7556}") = "Haskap.DddBase.Infra.Db.Contexts.EfCoreContext", "Haskap.DddBase.Infra.Db.Contexts.EfCoreContext\Haskap.DddBase.Infra.Db.Contexts.EfCoreContext.csproj", "{ADF81552-69BA-470A-B0DA-BE565ABBCA59}"
EndProject
Project("{9A19103F-16F7-4668-BE54-9A1E7A4F7556}") = "Haskap.DddBase.Presentation", "Haskap.DddBase.Presentation\Haskap.DddBase.Presentation.csproj", "{265EDCEF-4279-4533-9EE2-C964147F9506}"
EndProject
Project("{9A19103F-16F7-4668-BE54-9A1E7A4F7556}") = "Haskap.DddBase.Domain.Shared", "Haskap.DddBase.Domain.Shared\Haskap.DddBase.Domain.Shared.csproj", "{2B1FCD20-E662-4260-BC48-AAD9FF116987}"
EndProject
Project("{9A19103F-16F7-4668-BE54-9A1E7A4F7556}") = "Haskap.DddBase.Application.Dtos", "Haskap.DddBase.Application.Dtos\Haskap.DddBase.Application.Dtos.csproj", "{5F656D59-0F9E-487A-AFA4-BC0CC3B0B92F}"
EndProject
Project("{2150E333-8FDC-42A3-9474-1A3956D46DE8}") = "Modules", "Modules", "{DDC2E217-8278-4493-A5B6-4E57CEBF3AAC}"
EndProject
Project("{2150E333-8FDC-42A3-9474-1A3956D46DE8}") = "Tenants", "Tenants", "{50CF8D5A-6321-480B-9380-D6A3C825D8B3}"
EndProject
Project("{2150E333-8FDC-42A3-9474-1A3956D46DE8}") = "ViewLevelExceptions", "ViewLevelExceptions", "{4E9BBAB8-B491-4C2F-B0F4-D7E3E303CF6A}"
EndProject
Project("{9A19103F-16F7-4668-BE54-9A1E7A4F7556}") = "Domain", "Modules\Tenants\Domain\Domain.csproj", "{CF575D19-E041-4ED0-8C9A-CF44A5D554E3}"
EndProject
Project("{9A19103F-16F7-4668-BE54-9A1E7A4F7556}") = "Application.UseCaseServices", "Modules\Tenants\Application.UseCaseServices\Application.UseCaseServices.csproj", "{5D90008E-9ECF-42E9-999A-C5065C0BAFF0}"
EndProject
Project("{9A19103F-16F7-4668-BE54-9A1E7A4F7556}") = "Application.Dtos", "Modules\Tenants\Application.Dtos\Application.Dtos.csproj", "{3EB5CD3A-E3CD-421E-82A7-4E2548FC56A3}"
EndProject
Project("{9A19103F-16F7-4668-BE54-9A1E7A4F7556}") = "Application.Contracts", "Modules\Tenants\Application.Contracts\Application.Contracts.csproj", "{C765A373-AF15-4D29-AA44-2F5146802F0D}"
EndProject
Project("{9A19103F-16F7-4668-BE54-9A1E7A4F7556}") = "Infra", "Modules\Tenants\Infra\Infra.csproj", "{03BED8BF-CD78-4978-A63F-A2A997979EEF}"
EndProject
Project("{9A19103F-16F7-4668-BE54-9A1E7A4F7556}") = "Module", "Modules\Tenants\Module\Module.csproj", "{DAA7DA45-9D86-4920-AE04-A4108C87B061}"
EndProject
Project("{9A19103F-16F7-4668-BE54-9A1E7A4F7556}") = "Application.Contracts", "Modules\ViewLevelExceptions\Application.Contracts\Application.Contracts.csproj", "{C968CD44-C02F-43C1-9BC9-44FD77493290}"
EndProject
Project("{9A19103F-16F7-4668-BE54-9A1E7A4F7556}") = "Application.Dtos", "Modules\ViewLevelExceptions\Application.Dtos\Application.Dtos.csproj", "{A2AFFD2D-C978-4274-86A2-BDD536ABD007}"
EndProject
Project("{9A19103F-16F7-4668-BE54-9A1E7A4F7556}") = "Application.UseCaseServices", "Modules\ViewLevelExceptions\Application.UseCaseServices\Application.UseCaseServices.csproj", "{33564F15-DAD7-47DF-A332-AC74622724B9}"
EndProject
Project("{9A19103F-16F7-4668-BE54-9A1E7A4F7556}") = "Domain", "Modules\ViewLevelExceptions\Domain\Domain.csproj", "{2D906ADB-5078-402C-A784-A78E8655F9EB}"
EndProject
Project("{9A19103F-16F7-4668-BE54-9A1E7A4F7556}") = "Infra", "Modules\ViewLevelExceptions\Infra\Infra.csproj", "{311C8AA9-FF94-4A7A-BBD4-5184A8BBB740}"
EndProject
Project("{9A19103F-16F7-4668-BE54-9A1E7A4F7556}") = "Module", "Modules\ViewLevelExceptions\Module\Module.csproj", "{D7B3CBA1-D8F1-49D7-B816-C745E91CC176}"
EndProject
Project("{9A19103F-16F7-4668-BE54-9A1E7A4F7556}") = "IntegrationEvents", "Modules\Tenants\IntegrationEvents\IntegrationEvents.csproj", "{B4AA7184-05D1-4D86-B39F-6C796A52DF32}"
EndProject
Project("{9A19103F-16F7-4668-BE54-9A1E7A4F7556}") = "IntegrationEvents", "Modules\ViewLevelExceptions\IntegrationEvents\IntegrationEvents.csproj", "{728B889C-1518-4A88-BBA7-928409A08263}"
EndProject
Project("{2150E333-8FDC-42A3-9474-1A3956D46DE8}") = "AuditLog", "AuditLog", "{59C90E25-915C-448C-983D-D1694F94DBC8}"
EndProject
Project("{9A19103F-16F7-4668-BE54-9A1E7A4F7556}") = "Infra", "Modules\AuditLog\Infra\Infra.csproj", "{9DFD7E1C-59C8-4A79-A0F1-FCF9A2FFB964}"
EndProject
Project("{9A19103F-16F7-4668-BE54-9A1E7A4F7556}") = "Module", "Modules\AuditLog\Module\Module.csproj", "{6DC73D46-4E1E-47B5-9751-1CE66694E576}"
EndProject
Project("{9A19103F-16F7-4668-BE54-9A1E7A4F7556}") = "Domain", "Modules\AuditLog\Domain\Domain.csproj", "{1EF3279E-CBBB-4FCA-BB24-84A8AF1F1ACE}"
EndProject
Global
	GlobalSection(SolutionConfigurationPlatforms) = preSolution
		Debug|Any CPU = Debug|Any CPU
		Release|Any CPU = Release|Any CPU
	EndGlobalSection
	GlobalSection(ProjectConfigurationPlatforms) = postSolution
		{5A6B1CCC-4165-4180-807F-CDE58AF5B567}.Debug|Any CPU.ActiveCfg = Debug|Any CPU
		{5A6B1CCC-4165-4180-807F-CDE58AF5B567}.Debug|Any CPU.Build.0 = Debug|Any CPU
		{5A6B1CCC-4165-4180-807F-CDE58AF5B567}.Release|Any CPU.ActiveCfg = Release|Any CPU
		{5A6B1CCC-4165-4180-807F-CDE58AF5B567}.Release|Any CPU.Build.0 = Release|Any CPU
		{EBA6035B-2D8B-48E6-95FB-4F5936E353B4}.Debug|Any CPU.ActiveCfg = Debug|Any CPU
		{EBA6035B-2D8B-48E6-95FB-4F5936E353B4}.Debug|Any CPU.Build.0 = Debug|Any CPU
		{EBA6035B-2D8B-48E6-95FB-4F5936E353B4}.Release|Any CPU.ActiveCfg = Release|Any CPU
		{EBA6035B-2D8B-48E6-95FB-4F5936E353B4}.Release|Any CPU.Build.0 = Release|Any CPU
		{D69408EC-9592-4409-B54E-4323A8E98CAC}.Debug|Any CPU.ActiveCfg = Debug|Any CPU
		{D69408EC-9592-4409-B54E-4323A8E98CAC}.Debug|Any CPU.Build.0 = Debug|Any CPU
		{D69408EC-9592-4409-B54E-4323A8E98CAC}.Release|Any CPU.ActiveCfg = Release|Any CPU
		{D69408EC-9592-4409-B54E-4323A8E98CAC}.Release|Any CPU.Build.0 = Release|Any CPU
		{893D63C7-DA30-4AC7-92BE-24573643320D}.Debug|Any CPU.ActiveCfg = Debug|Any CPU
		{893D63C7-DA30-4AC7-92BE-24573643320D}.Debug|Any CPU.Build.0 = Debug|Any CPU
		{893D63C7-DA30-4AC7-92BE-24573643320D}.Release|Any CPU.ActiveCfg = Release|Any CPU
		{893D63C7-DA30-4AC7-92BE-24573643320D}.Release|Any CPU.Build.0 = Release|Any CPU
		{63758F45-8CBC-4B3A-B5AB-24C84DA5C158}.Debug|Any CPU.ActiveCfg = Debug|Any CPU
		{63758F45-8CBC-4B3A-B5AB-24C84DA5C158}.Debug|Any CPU.Build.0 = Debug|Any CPU
		{63758F45-8CBC-4B3A-B5AB-24C84DA5C158}.Release|Any CPU.ActiveCfg = Release|Any CPU
		{63758F45-8CBC-4B3A-B5AB-24C84DA5C158}.Release|Any CPU.Build.0 = Release|Any CPU
		{608E91C9-5FC5-42A4-A45B-1D0EF617E486}.Debug|Any CPU.ActiveCfg = Debug|Any CPU
		{608E91C9-5FC5-42A4-A45B-1D0EF617E486}.Debug|Any CPU.Build.0 = Debug|Any CPU
		{608E91C9-5FC5-42A4-A45B-1D0EF617E486}.Release|Any CPU.ActiveCfg = Release|Any CPU
		{608E91C9-5FC5-42A4-A45B-1D0EF617E486}.Release|Any CPU.Build.0 = Release|Any CPU
		{05D90F0C-E40C-4455-A91B-3602615508EA}.Debug|Any CPU.ActiveCfg = Debug|Any CPU
		{05D90F0C-E40C-4455-A91B-3602615508EA}.Debug|Any CPU.Build.0 = Debug|Any CPU
		{05D90F0C-E40C-4455-A91B-3602615508EA}.Release|Any CPU.ActiveCfg = Release|Any CPU
		{05D90F0C-E40C-4455-A91B-3602615508EA}.Release|Any CPU.Build.0 = Release|Any CPU
		{7050E7EB-61B4-44C6-B60A-1C054354BCC7}.Debug|Any CPU.ActiveCfg = Debug|Any CPU
		{7050E7EB-61B4-44C6-B60A-1C054354BCC7}.Debug|Any CPU.Build.0 = Debug|Any CPU
		{7050E7EB-61B4-44C6-B60A-1C054354BCC7}.Release|Any CPU.ActiveCfg = Release|Any CPU
		{7050E7EB-61B4-44C6-B60A-1C054354BCC7}.Release|Any CPU.Build.0 = Release|Any CPU
		{ADF81552-69BA-470A-B0DA-BE565ABBCA59}.Debug|Any CPU.ActiveCfg = Debug|Any CPU
		{ADF81552-69BA-470A-B0DA-BE565ABBCA59}.Debug|Any CPU.Build.0 = Debug|Any CPU
		{ADF81552-69BA-470A-B0DA-BE565ABBCA59}.Release|Any CPU.ActiveCfg = Release|Any CPU
		{ADF81552-69BA-470A-B0DA-BE565ABBCA59}.Release|Any CPU.Build.0 = Release|Any CPU
		{265EDCEF-4279-4533-9EE2-C964147F9506}.Debug|Any CPU.ActiveCfg = Debug|Any CPU
		{265EDCEF-4279-4533-9EE2-C964147F9506}.Debug|Any CPU.Build.0 = Debug|Any CPU
		{265EDCEF-4279-4533-9EE2-C964147F9506}.Release|Any CPU.ActiveCfg = Release|Any CPU
		{265EDCEF-4279-4533-9EE2-C964147F9506}.Release|Any CPU.Build.0 = Release|Any CPU
		{2B1FCD20-E662-4260-BC48-AAD9FF116987}.Debug|Any CPU.ActiveCfg = Debug|Any CPU
		{2B1FCD20-E662-4260-BC48-AAD9FF116987}.Debug|Any CPU.Build.0 = Debug|Any CPU
		{2B1FCD20-E662-4260-BC48-AAD9FF116987}.Release|Any CPU.ActiveCfg = Release|Any CPU
		{2B1FCD20-E662-4260-BC48-AAD9FF116987}.Release|Any CPU.Build.0 = Release|Any CPU
		{5F656D59-0F9E-487A-AFA4-BC0CC3B0B92F}.Debug|Any CPU.ActiveCfg = Debug|Any CPU
		{5F656D59-0F9E-487A-AFA4-BC0CC3B0B92F}.Debug|Any CPU.Build.0 = Debug|Any CPU
		{5F656D59-0F9E-487A-AFA4-BC0CC3B0B92F}.Release|Any CPU.ActiveCfg = Release|Any CPU
		{5F656D59-0F9E-487A-AFA4-BC0CC3B0B92F}.Release|Any CPU.Build.0 = Release|Any CPU
		{CF575D19-E041-4ED0-8C9A-CF44A5D554E3}.Debug|Any CPU.ActiveCfg = Debug|Any CPU
		{CF575D19-E041-4ED0-8C9A-CF44A5D554E3}.Debug|Any CPU.Build.0 = Debug|Any CPU
		{CF575D19-E041-4ED0-8C9A-CF44A5D554E3}.Release|Any CPU.ActiveCfg = Release|Any CPU
		{CF575D19-E041-4ED0-8C9A-CF44A5D554E3}.Release|Any CPU.Build.0 = Release|Any CPU
		{5D90008E-9ECF-42E9-999A-C5065C0BAFF0}.Debug|Any CPU.ActiveCfg = Debug|Any CPU
		{5D90008E-9ECF-42E9-999A-C5065C0BAFF0}.Debug|Any CPU.Build.0 = Debug|Any CPU
		{5D90008E-9ECF-42E9-999A-C5065C0BAFF0}.Release|Any CPU.ActiveCfg = Release|Any CPU
		{5D90008E-9ECF-42E9-999A-C5065C0BAFF0}.Release|Any CPU.Build.0 = Release|Any CPU
		{3EB5CD3A-E3CD-421E-82A7-4E2548FC56A3}.Debug|Any CPU.ActiveCfg = Debug|Any CPU
		{3EB5CD3A-E3CD-421E-82A7-4E2548FC56A3}.Debug|Any CPU.Build.0 = Debug|Any CPU
		{3EB5CD3A-E3CD-421E-82A7-4E2548FC56A3}.Release|Any CPU.ActiveCfg = Release|Any CPU
		{3EB5CD3A-E3CD-421E-82A7-4E2548FC56A3}.Release|Any CPU.Build.0 = Release|Any CPU
		{C765A373-AF15-4D29-AA44-2F5146802F0D}.Debug|Any CPU.ActiveCfg = Debug|Any CPU
		{C765A373-AF15-4D29-AA44-2F5146802F0D}.Debug|Any CPU.Build.0 = Debug|Any CPU
		{C765A373-AF15-4D29-AA44-2F5146802F0D}.Release|Any CPU.ActiveCfg = Release|Any CPU
		{C765A373-AF15-4D29-AA44-2F5146802F0D}.Release|Any CPU.Build.0 = Release|Any CPU
		{03BED8BF-CD78-4978-A63F-A2A997979EEF}.Debug|Any CPU.ActiveCfg = Debug|Any CPU
		{03BED8BF-CD78-4978-A63F-A2A997979EEF}.Debug|Any CPU.Build.0 = Debug|Any CPU
		{03BED8BF-CD78-4978-A63F-A2A997979EEF}.Release|Any CPU.ActiveCfg = Release|Any CPU
		{03BED8BF-CD78-4978-A63F-A2A997979EEF}.Release|Any CPU.Build.0 = Release|Any CPU
		{DAA7DA45-9D86-4920-AE04-A4108C87B061}.Debug|Any CPU.ActiveCfg = Debug|Any CPU
		{DAA7DA45-9D86-4920-AE04-A4108C87B061}.Debug|Any CPU.Build.0 = Debug|Any CPU
		{DAA7DA45-9D86-4920-AE04-A4108C87B061}.Release|Any CPU.ActiveCfg = Release|Any CPU
		{DAA7DA45-9D86-4920-AE04-A4108C87B061}.Release|Any CPU.Build.0 = Release|Any CPU
		{C968CD44-C02F-43C1-9BC9-44FD77493290}.Debug|Any CPU.ActiveCfg = Debug|Any CPU
		{C968CD44-C02F-43C1-9BC9-44FD77493290}.Debug|Any CPU.Build.0 = Debug|Any CPU
		{C968CD44-C02F-43C1-9BC9-44FD77493290}.Release|Any CPU.ActiveCfg = Release|Any CPU
		{C968CD44-C02F-43C1-9BC9-44FD77493290}.Release|Any CPU.Build.0 = Release|Any CPU
		{A2AFFD2D-C978-4274-86A2-BDD536ABD007}.Debug|Any CPU.ActiveCfg = Debug|Any CPU
		{A2AFFD2D-C978-4274-86A2-BDD536ABD007}.Debug|Any CPU.Build.0 = Debug|Any CPU
		{A2AFFD2D-C978-4274-86A2-BDD536ABD007}.Release|Any CPU.ActiveCfg = Release|Any CPU
		{A2AFFD2D-C978-4274-86A2-BDD536ABD007}.Release|Any CPU.Build.0 = Release|Any CPU
		{33564F15-DAD7-47DF-A332-AC74622724B9}.Debug|Any CPU.ActiveCfg = Debug|Any CPU
		{33564F15-DAD7-47DF-A332-AC74622724B9}.Debug|Any CPU.Build.0 = Debug|Any CPU
		{33564F15-DAD7-47DF-A332-AC74622724B9}.Release|Any CPU.ActiveCfg = Release|Any CPU
		{33564F15-DAD7-47DF-A332-AC74622724B9}.Release|Any CPU.Build.0 = Release|Any CPU
		{2D906ADB-5078-402C-A784-A78E8655F9EB}.Debug|Any CPU.ActiveCfg = Debug|Any CPU
		{2D906ADB-5078-402C-A784-A78E8655F9EB}.Debug|Any CPU.Build.0 = Debug|Any CPU
		{2D906ADB-5078-402C-A784-A78E8655F9EB}.Release|Any CPU.ActiveCfg = Release|Any CPU
		{2D906ADB-5078-402C-A784-A78E8655F9EB}.Release|Any CPU.Build.0 = Release|Any CPU
		{311C8AA9-FF94-4A7A-BBD4-5184A8BBB740}.Debug|Any CPU.ActiveCfg = Debug|Any CPU
		{311C8AA9-FF94-4A7A-BBD4-5184A8BBB740}.Debug|Any CPU.Build.0 = Debug|Any CPU
		{311C8AA9-FF94-4A7A-BBD4-5184A8BBB740}.Release|Any CPU.ActiveCfg = Release|Any CPU
		{311C8AA9-FF94-4A7A-BBD4-5184A8BBB740}.Release|Any CPU.Build.0 = Release|Any CPU
		{D7B3CBA1-D8F1-49D7-B816-C745E91CC176}.Debug|Any CPU.ActiveCfg = Debug|Any CPU
		{D7B3CBA1-D8F1-49D7-B816-C745E91CC176}.Debug|Any CPU.Build.0 = Debug|Any CPU
		{D7B3CBA1-D8F1-49D7-B816-C745E91CC176}.Release|Any CPU.ActiveCfg = Release|Any CPU
		{D7B3CBA1-D8F1-49D7-B816-C745E91CC176}.Release|Any CPU.Build.0 = Release|Any CPU
		{B4AA7184-05D1-4D86-B39F-6C796A52DF32}.Debug|Any CPU.ActiveCfg = Debug|Any CPU
		{B4AA7184-05D1-4D86-B39F-6C796A52DF32}.Debug|Any CPU.Build.0 = Debug|Any CPU
		{B4AA7184-05D1-4D86-B39F-6C796A52DF32}.Release|Any CPU.ActiveCfg = Release|Any CPU
		{B4AA7184-05D1-4D86-B39F-6C796A52DF32}.Release|Any CPU.Build.0 = Release|Any CPU
		{728B889C-1518-4A88-BBA7-928409A08263}.Debug|Any CPU.ActiveCfg = Debug|Any CPU
		{728B889C-1518-4A88-BBA7-928409A08263}.Debug|Any CPU.Build.0 = Debug|Any CPU
		{728B889C-1518-4A88-BBA7-928409A08263}.Release|Any CPU.ActiveCfg = Release|Any CPU
		{728B889C-1518-4A88-BBA7-928409A08263}.Release|Any CPU.Build.0 = Release|Any CPU
		{9DFD7E1C-59C8-4A79-A0F1-FCF9A2FFB964}.Debug|Any CPU.ActiveCfg = Debug|Any CPU
		{9DFD7E1C-59C8-4A79-A0F1-FCF9A2FFB964}.Debug|Any CPU.Build.0 = Debug|Any CPU
		{9DFD7E1C-59C8-4A79-A0F1-FCF9A2FFB964}.Release|Any CPU.ActiveCfg = Release|Any CPU
		{9DFD7E1C-59C8-4A79-A0F1-FCF9A2FFB964}.Release|Any CPU.Build.0 = Release|Any CPU
		{6DC73D46-4E1E-47B5-9751-1CE66694E576}.Debug|Any CPU.ActiveCfg = Debug|Any CPU
		{6DC73D46-4E1E-47B5-9751-1CE66694E576}.Debug|Any CPU.Build.0 = Debug|Any CPU
		{6DC73D46-4E1E-47B5-9751-1CE66694E576}.Release|Any CPU.ActiveCfg = Release|Any CPU
		{6DC73D46-4E1E-47B5-9751-1CE66694E576}.Release|Any CPU.Build.0 = Release|Any CPU
		{1EF3279E-CBBB-4FCA-BB24-84A8AF1F1ACE}.Debug|Any CPU.ActiveCfg = Debug|Any CPU
		{1EF3279E-CBBB-4FCA-BB24-84A8AF1F1ACE}.Debug|Any CPU.Build.0 = Debug|Any CPU
		{1EF3279E-CBBB-4FCA-BB24-84A8AF1F1ACE}.Release|Any CPU.ActiveCfg = Release|Any CPU
		{1EF3279E-CBBB-4FCA-BB24-84A8AF1F1ACE}.Release|Any CPU.Build.0 = Release|Any CPU
	EndGlobalSection
	GlobalSection(SolutionProperties) = preSolution
		HideSolutionNode = FALSE
	EndGlobalSection
	GlobalSection(NestedProjects) = preSolution
		{5A6B1CCC-4165-4180-807F-CDE58AF5B567} = {B7715CD6-10AB-4E32-BD0B-51C25F43B05C}
		{EBA6035B-2D8B-48E6-95FB-4F5936E353B4} = {38CC997A-234F-4A90-95D3-7EC5E5C0E262}
		{D69408EC-9592-4409-B54E-4323A8E98CAC} = {95644666-8E8C-483C-B8F5-0599C8859CDC}
		{893D63C7-DA30-4AC7-92BE-24573643320D} = {95644666-8E8C-483C-B8F5-0599C8859CDC}
		{63758F45-8CBC-4B3A-B5AB-24C84DA5C158} = {95644666-8E8C-483C-B8F5-0599C8859CDC}
		{608E91C9-5FC5-42A4-A45B-1D0EF617E486} = {D5CEB0FB-7D4C-4066-85B0-B0FBE6854431}
		{05D90F0C-E40C-4455-A91B-3602615508EA} = {D5CEB0FB-7D4C-4066-85B0-B0FBE6854431}
		{7050E7EB-61B4-44C6-B60A-1C054354BCC7} = {95644666-8E8C-483C-B8F5-0599C8859CDC}
		{ADF81552-69BA-470A-B0DA-BE565ABBCA59} = {95644666-8E8C-483C-B8F5-0599C8859CDC}
		{265EDCEF-4279-4533-9EE2-C964147F9506} = {96C4FA64-72D0-4EB7-8D03-DA97D2F4AA0C}
		{2B1FCD20-E662-4260-BC48-AAD9FF116987} = {38CC997A-234F-4A90-95D3-7EC5E5C0E262}
		{5F656D59-0F9E-487A-AFA4-BC0CC3B0B92F} = {D5CEB0FB-7D4C-4066-85B0-B0FBE6854431}
		{50CF8D5A-6321-480B-9380-D6A3C825D8B3} = {DDC2E217-8278-4493-A5B6-4E57CEBF3AAC}
		{4E9BBAB8-B491-4C2F-B0F4-D7E3E303CF6A} = {DDC2E217-8278-4493-A5B6-4E57CEBF3AAC}
		{CF575D19-E041-4ED0-8C9A-CF44A5D554E3} = {50CF8D5A-6321-480B-9380-D6A3C825D8B3}
		{5D90008E-9ECF-42E9-999A-C5065C0BAFF0} = {50CF8D5A-6321-480B-9380-D6A3C825D8B3}
		{3EB5CD3A-E3CD-421E-82A7-4E2548FC56A3} = {50CF8D5A-6321-480B-9380-D6A3C825D8B3}
		{C765A373-AF15-4D29-AA44-2F5146802F0D} = {50CF8D5A-6321-480B-9380-D6A3C825D8B3}
		{03BED8BF-CD78-4978-A63F-A2A997979EEF} = {50CF8D5A-6321-480B-9380-D6A3C825D8B3}
		{DAA7DA45-9D86-4920-AE04-A4108C87B061} = {50CF8D5A-6321-480B-9380-D6A3C825D8B3}
		{C968CD44-C02F-43C1-9BC9-44FD77493290} = {4E9BBAB8-B491-4C2F-B0F4-D7E3E303CF6A}
		{A2AFFD2D-C978-4274-86A2-BDD536ABD007} = {4E9BBAB8-B491-4C2F-B0F4-D7E3E303CF6A}
		{33564F15-DAD7-47DF-A332-AC74622724B9} = {4E9BBAB8-B491-4C2F-B0F4-D7E3E303CF6A}
		{2D906ADB-5078-402C-A784-A78E8655F9EB} = {4E9BBAB8-B491-4C2F-B0F4-D7E3E303CF6A}
		{311C8AA9-FF94-4A7A-BBD4-5184A8BBB740} = {4E9BBAB8-B491-4C2F-B0F4-D7E3E303CF6A}
		{D7B3CBA1-D8F1-49D7-B816-C745E91CC176} = {4E9BBAB8-B491-4C2F-B0F4-D7E3E303CF6A}
		{B4AA7184-05D1-4D86-B39F-6C796A52DF32} = {50CF8D5A-6321-480B-9380-D6A3C825D8B3}
		{728B889C-1518-4A88-BBA7-928409A08263} = {4E9BBAB8-B491-4C2F-B0F4-D7E3E303CF6A}
		{59C90E25-915C-448C-983D-D1694F94DBC8} = {DDC2E217-8278-4493-A5B6-4E57CEBF3AAC}
		{9DFD7E1C-59C8-4A79-A0F1-FCF9A2FFB964} = {59C90E25-915C-448C-983D-D1694F94DBC8}
		{6DC73D46-4E1E-47B5-9751-1CE66694E576} = {59C90E25-915C-448C-983D-D1694F94DBC8}
		{1EF3279E-CBBB-4FCA-BB24-84A8AF1F1ACE} = {59C90E25-915C-448C-983D-D1694F94DBC8}
	EndGlobalSection
	GlobalSection(ExtensibilityGlobals) = postSolution
		SolutionGuid = {3538C37D-B52B-4EBE-90E4-A1C3295DF29A}
	EndGlobalSection
EndGlobal
