<Solution>
  <Folder Name="/Application/">
    <Project Path="Haskap.DddBase.Application.Contracts/Haskap.DddBase.Application.Contracts.csproj" />
    <Project Path="Haskap.DddBase.Application.Dtos/Haskap.DddBase.Application.Dtos.csproj" />
    <Project Path="Haskap.DddBase.Application/Haskap.DddBase.Application.csproj" />
  </Folder>
  <Folder Name="/Domian/">
    <Project Path="Haskap.DddBase.Domain.Shared/Haskap.DddBase.Domain.Shared.csproj" />
    <Project Path="Haskap.DddBase.Domain/Haskap.DddBase.Domain.csproj" />
  </Folder>
  <Folder Name="/Infrastructure/">
    <Project Path="Haskap.DddBase.Infra.Db.Contexts.EfCoreContext/Haskap.DddBase.Infra.Db.Contexts.EfCoreContext.csproj" />
    <Project Path="Haskap.DddBase.Infra.Db.Contexts.MsSqlDbContext/Haskap.DddBase.Infra.Db.Contexts.MsSqlDbContext.csproj" />
    <Project Path="Haskap.DddBase.Infra.Db.Contexts.NpgsqlDbContext/Haskap.DddBase.Infra.Db.Contexts.NpgsqlDbContext.csproj" />
    <Project Path="Haskap.DddBase.Infra.Db.Contexts.OracleDbContext/Haskap.DddBase.Infra.Db.Contexts.OracleDbContext.csproj" />
    <Project Path="Haskap.DddBase.Infra/Haskap.DddBase.Infra.csproj" />
  </Folder>
  <Folder Name="/Modules/" />
  <Folder Name="/Modules/AuditLog/">
    <Project Path="Modules/AuditLog/Application.Contracts/Application.Contracts.csproj" />
    <Project Path="Modules/AuditLog/Domain/Domain.csproj" />
    <Project Path="Modules/AuditLog/Infra/Infra.csproj" />
    <Project Path="Modules/AuditLog/Module/Module.csproj" />
  </Folder>
  <Folder Name="/Modules/Bpm/">
    <Project Path="Modules/Bpm/Domain.Shared/Domain.Shared.csproj" Id="18906399-81c0-4d97-acef-37846d9af031" />
    <Project Path="Modules/Bpm/Domain/Domain.csproj" Id="9259640c-870d-4c00-8add-9b0b6939391e" />
    <Project Path="Modules/Bpm/Infra/Infra.csproj" Id="532550a2-9cbf-41ab-b3b1-2725008a6712" />
  </Folder>
  <Folder Name="/Modules/CustomMessage/">
    <Project Path="Modules/CustomMessage/Application.Contracts/Application.Contracts.csproj" Id="d54d146e-2c8e-41fa-9aad-49bcbebc1834" />
    <Project Path="Modules/CustomMessage/Application.Dtos/Application.Dtos.csproj" Id="64d0a72d-f3ef-4c63-b999-87ece300d3fb" />
    <Project Path="Modules/CustomMessage/Application/Application.csproj" Id="12b89c11-5784-4e77-b0cc-fd20a66f6ec6" />
    <Project Path="Modules/CustomMessage/Domain.Shared/Domain.Shared.csproj" Id="edc8ea8b-ec59-46bb-b124-8d2bbfcdde2b" />
    <Project Path="Modules/CustomMessage/Domain/Domain.csproj" Id="9f32712c-94dd-44b9-8450-5f524adc716d" />
    <Project Path="Modules/CustomMessage/Module/Module.csproj" Id="effd3508-4bd4-4c6b-bfb8-3d389a4d8660" />
    <Project Path="Modules/CustomMessage/Presentation/Presentation.csproj" Id="5a5bed5b-8933-4b66-996d-54b28fe7d1d3" />
  </Folder>
  <Folder Name="/Modules/Email/">
    <Project Path="Modules/Email/Application.Contracts/Application.Contracts.csproj" />
    <Project Path="Modules/Email/Application/Application.csproj" />
    <Project Path="Modules/Email/Domain.Shared/Domain.Shared.csproj" Id="0e3dbcbd-8a64-465e-a5fa-edb3767239c1" />
    <Project Path="Modules/Email/Module/Module.csproj" />
  </Folder>
  <Folder Name="/Modules/GlobalExceptionHandling/">
    <Project Path="Modules/GlobalExceptionHandling/Application.Contracts/Application.Contracts.csproj" />
    <Project Path="Modules/GlobalExceptionHandling/Module/Module.csproj" />
    <Project Path="Modules/GlobalExceptionHandling/Presentation/Presentation.csproj" />
  </Folder>
  <Folder Name="/Modules/Localization/">
    <Project Path="Modules/Localization/Application.Contracts/Application.Contracts.csproj" />
    <Project Path="Modules/Localization/Application.Dtos/Application.Dtos.csproj" Id="1bed8227-5a38-4035-857f-00afd9bef724" />
    <Project Path="Modules/Localization/Application/Application.csproj" Id="15e82d3e-699e-4ccb-a0bf-fb207f59a9a7" />
    <Project Path="Modules/Localization/Domain/Domain.csproj" />
    <Project Path="Modules/Localization/Infra/Infra.csproj" />
    <Project Path="Modules/Localization/Module/Module.csproj" />
    <Project Path="Modules/Localization/Presentation/Presentation.csproj" />
  </Folder>
  <Folder Name="/Modules/ModuleManagement/">
    <Project Path="Modules/ModuleManagement/Application.Contracts/Application.Contracts.csproj" />
    <Project Path="Modules/ModuleManagement/Application.Dtos/Application.Dtos.csproj" />
    <Project Path="Modules/ModuleManagement/Application/Application.csproj" />
    <Project Path="Modules/ModuleManagement/Domain/Domain.csproj" />
    <Project Path="Modules/ModuleManagement/Infra/Infra.csproj" />
    <Project Path="Modules/ModuleManagement/IntegrationEvents/IntegrationEvents.csproj" />
    <Project Path="Modules/ModuleManagement/Module/Module.csproj" />
  </Folder>
  <Folder Name="/Modules/SpecialDayBase/">
    <Project Path="Modules/SpecialDayBase/Application.Contracts/Application.Contracts.csproj" Id="e099c195-cea3-4008-8a6b-d271b994443e" />
    <Project Path="Modules/SpecialDayBase/Application.Dtos/Application.Dtos.csproj" Id="6d0e6635-83b2-4987-ae04-2a7339138585" />
    <Project Path="Modules/SpecialDayBase/Application/Application.csproj" Id="ce83e620-001d-4ad7-8ec5-89e9ab68d242" />
    <Project Path="Modules/SpecialDayBase/Domain.Shared/Domain.Shared.csproj" Id="dc439f14-a250-4aa7-9465-ee62b4ea9ebd" />
    <Project Path="Modules/SpecialDayBase/Domain/Domain.csproj" Id="5f218ff9-3162-421b-a1b7-aa50940cbcb5" />
    <Project Path="Modules/SpecialDayBase/Infra/Infra.csproj" Id="a7aed4e8-98dd-4379-aeaf-d5ea310f2116" />
    <Project Path="Modules/SpecialDayBase/Module/Module.csproj" Id="a63cc916-9803-4023-b21d-f54d20e7f983" />
  </Folder>
  <Folder Name="/Modules/Tenants/">
    <Project Path="Modules/Tenants/Application.Contracts/Application.Contracts.csproj" />
    <Project Path="Modules/Tenants/Application.Dtos/Application.Dtos.csproj" />
    <Project Path="Modules/Tenants/Application/Application.csproj" />
    <Project Path="Modules/Tenants/Domain/Domain.csproj" />
    <Project Path="Modules/Tenants/Infra/Infra.csproj" />
    <Project Path="Modules/Tenants/IntegrationEvents/IntegrationEvents.csproj" />
    <Project Path="Modules/Tenants/Module/Module.csproj" />
  </Folder>
  <Folder Name="/Modules/TurkiyeSpecialDay/">
    <Project Path="Modules/TurkiyeSpecialDay/Application.Contracts/Application.Contracts.csproj" />
    <Project Path="Modules/TurkiyeSpecialDay/Domain/Domain.csproj" />
    <Project Path="Modules/TurkiyeSpecialDay/Infra/Infra.csproj" />
    <Project Path="Modules/TurkiyeSpecialDay/IntegrationEvents/IntegrationEvents.csproj" />
    <Project Path="Modules/TurkiyeSpecialDay/Module/Module.csproj" />
  </Folder>
  <Folder Name="/Presentation/">
    <Project Path="Haskap.DddBase.Presentation/Haskap.DddBase.Presentation.csproj" />
  </Folder>
  <Folder Name="/Utilities/">
    <Project Path="Haskap.DddBase.Utilities/Haskap.DddBase.Utilities.csproj" />
  </Folder>
</Solution>
